
Microsoft Visual Studio Solution File, Format Version 12.00
# Visual Studio Version 17
VisualStudioVersion = 17.3.32929.385
MinimumVisualStudioVersion = 10.0.40219.1
Project("{8BC9CEB8-8B4A-11D0-8D11-00A0C91BC942}") = "Project 1 - Operator Overloading", "Project 1 - Operator Overloading.vcxproj", "{DDDCDB2D-AFC0-4B25-8F7A-0A519EC24CDA}"
EndProject
Global
	GlobalSection(SolutionConfigurationPlatforms) = preSolution
		Debug|x64 = Debug|x64
		Debug|x86 = Debug|x86
		Release|x64 = Release|x64
		Release|x86 = Release|x86
	EndGlobalSection
	GlobalSection(ProjectConfigurationPlatforms) = postSolution
		{DDDCDB2D-AFC0-4B25-8F7A-0A519EC24CDA}.Debug|x64.ActiveCfg = Debug|x64
		{DDDCDB2D-AFC0-4B25-8F7A-0A519EC24CDA}.Debug|x64.Build.0 = Debug|x64
		{DDDCDB2D-AFC0-4B25-8F7A-0A519EC24CDA}.Debug|x86.ActiveCfg = Debug|Win32
		{DDDCDB2D-AFC0-4B25-8F7A-0A519EC24CDA}.Debug|x86.Build.0 = Debug|Win32
		{DDDCDB2D-AFC0-4B25-8F7A-0A519EC24CDA}.Release|x64.ActiveCfg = Release|x64
		{DDDCDB2D-AFC0-4B25-8F7A-0A519EC24CDA}.Release|x64.Build.0 = Release|x64
		{DDDCDB2D-AFC0-4B25-8F7A-0A519EC24CDA}.Release|x86.ActiveCfg = Release|Win32
		{DDDCDB2D-AFC0-4B25-8F7A-0A519EC24CDA}.Release|x86.Build.0 = Release|Win32
	EndGlobalSection
	GlobalSection(SolutionProperties) = preSolution
		HideSolutionNode = FALSE
	EndGlobalSection
	GlobalSection(ExtensibilityGlobals) = postSolution
		SolutionGuid = {1727BBD6-D895-4706-A61E-A2155ACD7936}
	EndGlobalSection
EndGlobal
